
Microsoft Visual Studio Solution File, Format Version 12.00
# Visual Studio Version 17
VisualStudioVersion = 17.11.35219.272
MinimumVisualStudioVersion = 10.0.40219.1
Project("{FAE04EC0-301F-11D3-BF4B-00C04F79EFBC}") = "FE_P1700", "FE_P1700\FE_P1700.csproj", "{D1A7FD52-F5D0-473F-959F-E793CC6AD6E0}"
EndProject
Global
	GlobalSection(SolutionConfigurationPlatforms) = preSolution
		Debug|Any CPU = Debug|Any CPU
		Release|Any CPU = Release|Any CPU
	EndGlobalSection
	GlobalSection(ProjectConfigurationPlatforms) = postSolution
		{D1A7FD52-F5D0-473F-959F-E793CC6AD6E0}.Debug|Any CPU.ActiveCfg = Debug|Any CPU
		{D1A7FD52-F5D0-473F-959F-E793CC6AD6E0}.Debug|Any CPU.Build.0 = Debug|Any CPU
		{D1A7FD52-F5D0-473F-959F-E793CC6AD6E0}.Release|Any CPU.ActiveCfg = Release|Any CPU
		{D1A7FD52-F5D0-473F-959F-E793CC6AD6E0}.Release|Any CPU.Build.0 = Release|Any CPU
	EndGlobalSection
	GlobalSection(SolutionProperties) = preSolution
		HideSolutionNode = FALSE
	EndGlobalSection
	GlobalSection(ExtensibilityGlobals) = postSolution
		SolutionGuid = {34D12166-B875-4C98-97DD-FFAE0A63980A}
	EndGlobalSection
EndGlobal
